{
  "nodes": {
    "nixpkgs": {
      "locked": {
        "lastModified": 1716249207,
        "narHash": "sha256-Tb/ELzQr22kEnw9F6lCKoq8sn0yQT/cQvoz3IvuG7Sc=",
        "owner": "NixOS",
        "repo": "nixpkgs",
        "rev": "3d7cb74a39aa725d9c13d4097ca9154a863b4624",
        "type": "github"
      },
      "original": {
        "owner": "NixOS",
        "repo": "nixpkgs",
        "type": "github"
      }
    },
    "root": {
      "inputs": {
        "nixpkgs": "nixpkgs"
      }
    }
  },
  "root": "root",
  "version": 7
}
