{
  "nodes": {
    "nixpkgs": {
      "locked": {
        "lastModified": 1714344265,
        "narHash": "sha256-i2PkswY+mZ9a+IShxcjrMJLoCDE4ZUQjUSUELX1rfm4=",
        "owner": "NixOS",
        "repo": "nixpkgs",
        "rev": "fff67afa248fbea5e2f633b09fcfd2bc166f9849",
        "type": "github"
      },
      "original": {
        "owner": "NixOS",
        "repo": "nixpkgs",
        "type": "github"
      }
    },
    "root": {
      "inputs": {
        "nixpkgs": "nixpkgs"
      }
    }
  },
  "root": "root",
  "version": 7
}
