{
  "nodes": {
    "nixpkgs": {
      "locked": {
        "lastModified": 1736177815,
        "narHash": "sha256-Tn3GoAoWd9PNgqAlLdfYxfIz5Q+zZ8GQGZmI1petlu0=",
        "owner": "NixOS",
        "repo": "nixpkgs",
        "rev": "2f35a8a8ff34627535f823c0fd47f570897e67a6",
        "type": "github"
      },
      "original": {
        "owner": "NixOS",
        "repo": "nixpkgs",
        "type": "github"
      }
    },
    "root": {
      "inputs": {
        "nixpkgs": "nixpkgs"
      }
    }
  },
  "root": "root",
  "version": 7
}
